
Microsoft Visual Studio Solution File, Format Version 12.00
# Visual Studio Version 17
VisualStudioVersion = 17.8.34408.163
MinimumVisualStudioVersion = 10.0.40219.1
Project("{FAE04EC0-301F-11D3-BF4B-00C04F79EFBC}") = "wpf6", "wpf6\wpf6.csproj", "{661B48F5-0EDA-4759-84AA-2887DA955566}"
EndProject
Global
	GlobalSection(SolutionConfigurationPlatforms) = preSolution
		Debug|Any CPU = Debug|Any CPU
		Release|Any CPU = Release|Any CPU
	EndGlobalSection
	GlobalSection(ProjectConfigurationPlatforms) = postSolution
		{661B48F5-0EDA-4759-84AA-2887DA955566}.Debug|Any CPU.ActiveCfg = Debug|Any CPU
		{661B48F5-0EDA-4759-84AA-2887DA955566}.Debug|Any CPU.Build.0 = Debug|Any CPU
		{661B48F5-0EDA-4759-84AA-2887DA955566}.Release|Any CPU.ActiveCfg = Release|Any CPU
		{661B48F5-0EDA-4759-84AA-2887DA955566}.Release|Any CPU.Build.0 = Release|Any CPU
	EndGlobalSection
	GlobalSection(SolutionProperties) = preSolution
		HideSolutionNode = FALSE
	EndGlobalSection
	GlobalSection(ExtensibilityGlobals) = postSolution
		SolutionGuid = {CDAB2B05-6B8A-4ABD-AB6C-E0BB6F10809F}
	EndGlobalSection
EndGlobal
